// !$*UTF8*$!
{
	archiveVersion = 1;
	classes = {
	};
	objectVersion = 46;
	objects = {

/* Begin PBXBuildFile section */
		CB1D11AC1E88AA2900141BFB /* IngredientTableViewController.swift in Sources */ = {isa = PBXBuildFile; fileRef = CB1D11AB1E88AA2900141BFB /* IngredientTableViewController.swift */; };
		CB2321201E89BE3900BD1AA6 /* UIColorExtension.swift in Sources */ = {isa = PBXBuildFile; fileRef = CB23211F1E89BE3900BD1AA6 /* UIColorExtension.swift */; };
		CB2321221E89CD8300BD1AA6 /* Meal.swift in Sources */ = {isa = PBXBuildFile; fileRef = CB2321211E89CD8300BD1AA6 /* Meal.swift */; };
		CB2321241E89D31100BD1AA6 /* MealViewController.swift in Sources */ = {isa = PBXBuildFile; fileRef = CB2321231E89D31100BD1AA6 /* MealViewController.swift */; };
		CB4705091E883E7700E8852E /* NewMealViewController.swift in Sources */ = {isa = PBXBuildFile; fileRef = CB4705081E883E7700E8852E /* NewMealViewController.swift */; };
		CB47050B1E8849DC00E8852E /* MainTabBarController.swift in Sources */ = {isa = PBXBuildFile; fileRef = CB47050A1E8849DC00E8852E /* MainTabBarController.swift */; };
		CB6496381E8561F600BF42ED /* AppDelegate.swift in Sources */ = {isa = PBXBuildFile; fileRef = CB6496371E8561F600BF42ED /* AppDelegate.swift */; };
		CB64963F1E8561F600BF42ED /* Main.storyboard in Resources */ = {isa = PBXBuildFile; fileRef = CB64963D1E8561F600BF42ED /* Main.storyboard */; };
		CB6496411E8561F600BF42ED /* Assets.xcassets in Resources */ = {isa = PBXBuildFile; fileRef = CB6496401E8561F600BF42ED /* Assets.xcassets */; };
		CB6496441E8561F600BF42ED /* LaunchScreen.storyboard in Resources */ = {isa = PBXBuildFile; fileRef = CB6496421E8561F600BF42ED /* LaunchScreen.storyboard */; };
		CB64964C1E85D84400BF42ED /* ImageGetter.swift in Sources */ = {isa = PBXBuildFile; fileRef = CB64964B1E85D84400BF42ED /* ImageGetter.swift */; };
		CB64964E1E85EE6900BF42ED /* MealTableViewCell.swift in Sources */ = {isa = PBXBuildFile; fileRef = CB64964D1E85EE6900BF42ED /* MealTableViewCell.swift */; };
		CB6496501E85EE7700BF42ED /* MealTableViewCell.xib in Resources */ = {isa = PBXBuildFile; fileRef = CB64964F1E85EE7700BF42ED /* MealTableViewCell.xib */; };
		CB6496521E85F1F500BF42ED /* MealTableViewController.swift in Sources */ = {isa = PBXBuildFile; fileRef = CB6496511E85F1F500BF42ED /* MealTableViewController.swift */; };
		CB6496541E85F3CE00BF42ED /* DataGetter.swift in Sources */ = {isa = PBXBuildFile; fileRef = CB6496531E85F3CE00BF42ED /* DataGetter.swift */; };
		CB6496571E85F41800BF42ED /* YaGotFoodDude.xcdatamodeld in Sources */ = {isa = PBXBuildFile; fileRef = CB6496551E85F41800BF42ED /* YaGotFoodDude.xcdatamodeld */; };
/* End PBXBuildFile section */

/* Begin PBXFileReference section */
		CB1D11AB1E88AA2900141BFB /* IngredientTableViewController.swift */ = {isa = PBXFileReference; fileEncoding = 4; lastKnownFileType = sourcecode.swift; path = IngredientTableViewController.swift; sourceTree = "<group>"; };
		CB23211F1E89BE3900BD1AA6 /* UIColorExtension.swift */ = {isa = PBXFileReference; fileEncoding = 4; lastKnownFileType = sourcecode.swift; path = UIColorExtension.swift; sourceTree = "<group>"; };
		CB2321211E89CD8300BD1AA6 /* Meal.swift */ = {isa = PBXFileReference; fileEncoding = 4; lastKnownFileType = sourcecode.swift; path = Meal.swift; sourceTree = "<group>"; };
		CB2321231E89D31100BD1AA6 /* MealViewController.swift */ = {isa = PBXFileReference; fileEncoding = 4; lastKnownFileType = sourcecode.swift; path = MealViewController.swift; sourceTree = "<group>"; };
		CB4705081E883E7700E8852E /* NewMealViewController.swift */ = {isa = PBXFileReference; fileEncoding = 4; lastKnownFileType = sourcecode.swift; path = NewMealViewController.swift; sourceTree = "<group>"; };
		CB47050A1E8849DC00E8852E /* MainTabBarController.swift */ = {isa = PBXFileReference; fileEncoding = 4; lastKnownFileType = sourcecode.swift; path = MainTabBarController.swift; sourceTree = "<group>"; };
		CB6496341E8561F600BF42ED /* YaGotFoodDude.app */ = {isa = PBXFileReference; explicitFileType = wrapper.application; includeInIndex = 0; path = YaGotFoodDude.app; sourceTree = BUILT_PRODUCTS_DIR; };
		CB6496371E8561F600BF42ED /* AppDelegate.swift */ = {isa = PBXFileReference; lastKnownFileType = sourcecode.swift; path = AppDelegate.swift; sourceTree = "<group>"; };
		CB64963E1E8561F600BF42ED /* Base */ = {isa = PBXFileReference; lastKnownFileType = file.storyboard; name = Base; path = Base.lproj/Main.storyboard; sourceTree = "<group>"; };
		CB6496401E8561F600BF42ED /* Assets.xcassets */ = {isa = PBXFileReference; lastKnownFileType = folder.assetcatalog; path = Assets.xcassets; sourceTree = "<group>"; };
		CB6496431E8561F600BF42ED /* Base */ = {isa = PBXFileReference; lastKnownFileType = file.storyboard; name = Base; path = Base.lproj/LaunchScreen.storyboard; sourceTree = "<group>"; };
		CB6496451E8561F600BF42ED /* Info.plist */ = {isa = PBXFileReference; lastKnownFileType = text.plist.xml; path = Info.plist; sourceTree = "<group>"; };
		CB64964B1E85D84400BF42ED /* ImageGetter.swift */ = {isa = PBXFileReference; fileEncoding = 4; lastKnownFileType = sourcecode.swift; path = ImageGetter.swift; sourceTree = "<group>"; };
		CB64964D1E85EE6900BF42ED /* MealTableViewCell.swift */ = {isa = PBXFileReference; fileEncoding = 4; lastKnownFileType = sourcecode.swift; path = MealTableViewCell.swift; sourceTree = "<group>"; };
		CB64964F1E85EE7700BF42ED /* MealTableViewCell.xib */ = {isa = PBXFileReference; fileEncoding = 4; lastKnownFileType = file.xib; path = MealTableViewCell.xib; sourceTree = "<group>"; };
		CB6496511E85F1F500BF42ED /* MealTableViewController.swift */ = {isa = PBXFileReference; fileEncoding = 4; lastKnownFileType = sourcecode.swift; path = MealTableViewController.swift; sourceTree = "<group>"; };
		CB6496531E85F3CE00BF42ED /* DataGetter.swift */ = {isa = PBXFileReference; fileEncoding = 4; lastKnownFileType = sourcecode.swift; path = DataGetter.swift; sourceTree = "<group>"; };
		CB6496561E85F41800BF42ED /* YaGotFoodDude.xcdatamodel */ = {isa = PBXFileReference; lastKnownFileType = wrapper.xcdatamodel; path = YaGotFoodDude.xcdatamodel; sourceTree = "<group>"; };
/* End PBXFileReference section */

/* Begin PBXFrameworksBuildPhase section */
		CB6496311E8561F600BF42ED /* Frameworks */ = {
			isa = PBXFrameworksBuildPhase;
			buildActionMask = 2147483647;
			files = (
			);
			runOnlyForDeploymentPostprocessing = 0;
		};
/* End PBXFrameworksBuildPhase section */

/* Begin PBXGroup section */
		CB64962B1E8561F600BF42ED = {
			isa = PBXGroup;
			children = (
				CB6496361E8561F600BF42ED /* YaGotFoodDude */,
				CB6496351E8561F600BF42ED /* Products */,
			);
			sourceTree = "<group>";
		};
		CB6496351E8561F600BF42ED /* Products */ = {
			isa = PBXGroup;
			children = (
				CB6496341E8561F600BF42ED /* YaGotFoodDude.app */,
			);
			name = Products;
			sourceTree = "<group>";
		};
		CB6496361E8561F600BF42ED /* YaGotFoodDude */ = {
			isa = PBXGroup;
			children = (
				CB6496371E8561F600BF42ED /* AppDelegate.swift */,
				CB23211F1E89BE3900BD1AA6 /* UIColorExtension.swift */,
				CB2321211E89CD8300BD1AA6 /* Meal.swift */,
				CB6496511E85F1F500BF42ED /* MealTableViewController.swift */,
				CB4705081E883E7700E8852E /* NewMealViewController.swift */,
				CB1D11AB1E88AA2900141BFB /* IngredientTableViewController.swift */,
				CB64964D1E85EE6900BF42ED /* MealTableViewCell.swift */,
				CB64964F1E85EE7700BF42ED /* MealTableViewCell.xib */,
				CB2321231E89D31100BD1AA6 /* MealViewController.swift */,
				CB64964B1E85D84400BF42ED /* ImageGetter.swift */,
				CB6496531E85F3CE00BF42ED /* DataGetter.swift */,
				CB47050A1E8849DC00E8852E /* MainTabBarController.swift */,
				CB64963D1E8561F600BF42ED /* Main.storyboard */,
				CB6496401E8561F600BF42ED /* Assets.xcassets */,
				CB6496421E8561F600BF42ED /* LaunchScreen.storyboard */,
				CB6496451E8561F600BF42ED /* Info.plist */,
				CB6496551E85F41800BF42ED /* YaGotFoodDude.xcdatamodeld */,
			);
			path = YaGotFoodDude;
			sourceTree = "<group>";
		};
/* End PBXGroup section */

/* Begin PBXNativeTarget section */
		CB6496331E8561F600BF42ED /* YaGotFoodDude */ = {
			isa = PBXNativeTarget;
			buildConfigurationList = CB6496481E8561F600BF42ED /* Build configuration list for PBXNativeTarget "YaGotFoodDude" */;
			buildPhases = (
				CB6496301E8561F600BF42ED /* Sources */,
				CB6496311E8561F600BF42ED /* Frameworks */,
				CB6496321E8561F600BF42ED /* Resources */,
			);
			buildRules = (
			);
			dependencies = (
			);
			name = YaGotFoodDude;
			productName = YaGotFoodDude;
			productReference = CB6496341E8561F600BF42ED /* YaGotFoodDude.app */;
			productType = "com.apple.product-type.application";
		};
/* End PBXNativeTarget section */

/* Begin PBXProject section */
		CB64962C1E8561F600BF42ED /* Project object */ = {
			isa = PBXProject;
			attributes = {
				LastSwiftUpdateCheck = 0820;
				LastUpgradeCheck = 0820;
				ORGANIZATIONNAME = "Charles DiGiovanna";
				TargetAttributes = {
					CB6496331E8561F600BF42ED = {
						CreatedOnToolsVersion = 8.2.1;
						DevelopmentTeam = 6P54HH43TD;
						ProvisioningStyle = Automatic;
					};
				};
			};
			buildConfigurationList = CB64962F1E8561F600BF42ED /* Build configuration list for PBXProject "YaGotFoodDude" */;
			compatibilityVersion = "Xcode 3.2";
			developmentRegion = English;
			hasScannedForEncodings = 0;
			knownRegions = (
				en,
				Base,
			);
			mainGroup = CB64962B1E8561F600BF42ED;
			productRefGroup = CB6496351E8561F600BF42ED /* Products */;
			projectDirPath = "";
			projectRoot = "";
			targets = (
				CB6496331E8561F600BF42ED /* YaGotFoodDude */,
			);
		};
/* End PBXProject section */

/* Begin PBXResourcesBuildPhase section */
		CB6496321E8561F600BF42ED /* Resources */ = {
			isa = PBXResourcesBuildPhase;
			buildActionMask = 2147483647;
			files = (
				CB6496501E85EE7700BF42ED /* MealTableViewCell.xib in Resources */,
				CB6496441E8561F600BF42ED /* LaunchScreen.storyboard in Resources */,
				CB6496411E8561F600BF42ED /* Assets.xcassets in Resources */,
				CB64963F1E8561F600BF42ED /* Main.storyboard in Resources */,
			);
			runOnlyForDeploymentPostprocessing = 0;
		};
/* End PBXResourcesBuildPhase section */

/* Begin PBXSourcesBuildPhase section */
		CB6496301E8561F600BF42ED /* Sources */ = {
			isa = PBXSourcesBuildPhase;
			buildActionMask = 2147483647;
			files = (
				CB4705091E883E7700E8852E /* NewMealViewController.swift in Sources */,
				CB6496571E85F41800BF42ED /* YaGotFoodDude.xcdatamodeld in Sources */,
				CB47050B1E8849DC00E8852E /* MainTabBarController.swift in Sources */,
				CB6496381E8561F600BF42ED /* AppDelegate.swift in Sources */,
				CB2321221E89CD8300BD1AA6 /* Meal.swift in Sources */,
				CB2321241E89D31100BD1AA6 /* MealViewController.swift in Sources */,
				CB64964C1E85D84400BF42ED /* ImageGetter.swift in Sources */,
				CB6496541E85F3CE00BF42ED /* DataGetter.swift in Sources */,
				CB1D11AC1E88AA2900141BFB /* IngredientTableViewController.swift in Sources */,
				CB2321201E89BE3900BD1AA6 /* UIColorExtension.swift in Sources */,
				CB6496521E85F1F500BF42ED /* MealTableViewController.swift in Sources */,
				CB64964E1E85EE6900BF42ED /* MealTableViewCell.swift in Sources */,
			);
			runOnlyForDeploymentPostprocessing = 0;
		};
/* End PBXSourcesBuildPhase section */

/* Begin PBXVariantGroup section */
		CB64963D1E8561F600BF42ED /* Main.storyboard */ = {
			isa = PBXVariantGroup;
			children = (
				CB64963E1E8561F600BF42ED /* Base */,
			);
			name = Main.storyboard;
			sourceTree = "<group>";
		};
		CB6496421E8561F600BF42ED /* LaunchScreen.storyboard */ = {
			isa = PBXVariantGroup;
			children = (
				CB6496431E8561F600BF42ED /* Base */,
			);
			name = LaunchScreen.storyboard;
			sourceTree = "<group>";
		};
/* End PBXVariantGroup section */

/* Begin XCBuildConfiguration section */
		CB6496461E8561F600BF42ED /* Debug */ = {
			isa = XCBuildConfiguration;
			buildSettings = {
				ALWAYS_SEARCH_USER_PATHS = NO;
				CLANG_ANALYZER_NONNULL = YES;
				CLANG_CXX_LANGUAGE_STANDARD = "gnu++0x";
				CLANG_CXX_LIBRARY = "libc++";
				CLANG_ENABLE_MODULES = YES;
				CLANG_ENABLE_OBJC_ARC = YES;
				CLANG_WARN_BOOL_CONVERSION = YES;
				CLANG_WARN_CONSTANT_CONVERSION = YES;
				CLANG_WARN_DIRECT_OBJC_ISA_USAGE = YES_ERROR;
				CLANG_WARN_DOCUMENTATION_COMMENTS = YES;
				CLANG_WARN_EMPTY_BODY = YES;
				CLANG_WARN_ENUM_CONVERSION = YES;
				CLANG_WARN_INFINITE_RECURSION = YES;
				CLANG_WARN_INT_CONVERSION = YES;
				CLANG_WARN_OBJC_ROOT_CLASS = YES_ERROR;
				CLANG_WARN_SUSPICIOUS_MOVE = YES;
				CLANG_WARN_UNREACHABLE_CODE = YES;
				CLANG_WARN__DUPLICATE_METHOD_MATCH = YES;
				"CODE_SIGN_IDENTITY[sdk=iphoneos*]" = "iPhone Developer";
				COPY_PHASE_STRIP = NO;
				DEBUG_INFORMATION_FORMAT = dwarf;
				ENABLE_STRICT_OBJC_MSGSEND = YES;
				ENABLE_TESTABILITY = YES;
				GCC_C_LANGUAGE_STANDARD = gnu99;
				GCC_DYNAMIC_NO_PIC = NO;
				GCC_NO_COMMON_BLOCKS = YES;
				GCC_OPTIMIZATION_LEVEL = 0;
				GCC_PREPROCESSOR_DEFINITIONS = (
					"DEBUG=1",
					"$(inherited)",
				);
				GCC_WARN_64_TO_32_BIT_CONVERSION = YES;
				GCC_WARN_ABOUT_RETURN_TYPE = YES_ERROR;
				GCC_WARN_UNDECLARED_SELECTOR = YES;
				GCC_WARN_UNINITIALIZED_AUTOS = YES_AGGRESSIVE;
				GCC_WARN_UNUSED_FUNCTION = YES;
				GCC_WARN_UNUSED_VARIABLE = YES;
				IPHONEOS_DEPLOYMENT_TARGET = 10.2;
				MTL_ENABLE_DEBUG_INFO = YES;
				ONLY_ACTIVE_ARCH = YES;
				SDKROOT = iphoneos;
				SWIFT_ACTIVE_COMPILATION_CONDITIONS = DEBUG;
				SWIFT_OPTIMIZATION_LEVEL = "-Onone";
				TARGETED_DEVICE_FAMILY = "1,2";
			};
			name = Debug;
		};
		CB6496471E8561F600BF42ED /* Release */ = {
			isa = XCBuildConfiguration;
			buildSettings = {
				ALWAYS_SEARCH_USER_PATHS = NO;
				CLANG_ANALYZER_NONNULL = YES;
				CLANG_CXX_LANGUAGE_STANDARD = "gnu++0x";
				CLANG_CXX_LIBRARY = "libc++";
				CLANG_ENABLE_MODULES = YES;
				CLANG_ENABLE_OBJC_ARC = YES;
				CLANG_WARN_BOOL_CONVERSION = YES;
				CLANG_WARN_CONSTANT_CONVERSION = YES;
				CLANG_WARN_DIRECT_OBJC_ISA_USAGE = YES_ERROR;
				CLANG_WARN_DOCUMENTATION_COMMENTS = YES;
				CLANG_WARN_EMPTY_BODY = YES;
				CLANG_WARN_ENUM_CONVERSION = YES;
				CLANG_WARN_INFINITE_RECURSION = YES;
				CLANG_WARN_INT_CONVERSION = YES;
				CLANG_WARN_OBJC_ROOT_CLASS = YES_ERROR;
				CLANG_WARN_SUSPICIOUS_MOVE = YES;
				CLANG_WARN_UNREACHABLE_CODE = YES;
				CLANG_WARN__DUPLICATE_METHOD_MATCH = YES;
				"CODE_SIGN_IDENTITY[sdk=iphoneos*]" = "iPhone Developer";
				COPY_PHASE_STRIP = NO;
				DEBUG_INFORMATION_FORMAT = "dwarf-with-dsym";
				ENABLE_NS_ASSERTIONS = NO;
				ENABLE_STRICT_OBJC_MSGSEND = YES;
				GCC_C_LANGUAGE_STANDARD = gnu99;
				GCC_NO_COMMON_BLOCKS = YES;
				GCC_WARN_64_TO_32_BIT_CONVERSION = YES;
				GCC_WARN_ABOUT_RETURN_TYPE = YES_ERROR;
				GCC_WARN_UNDECLARED_SELECTOR = YES;
				GCC_WARN_UNINITIALIZED_AUTOS = YES_AGGRESSIVE;
				GCC_WARN_UNUSED_FUNCTION = YES;
				GCC_WARN_UNUSED_VARIABLE = YES;
				IPHONEOS_DEPLOYMENT_TARGET = 10.2;
				MTL_ENABLE_DEBUG_INFO = NO;
				SDKROOT = iphoneos;
				SWIFT_OPTIMIZATION_LEVEL = "-Owholemodule";
				TARGETED_DEVICE_FAMILY = "1,2";
				VALIDATE_PRODUCT = YES;
			};
			name = Release;
		};
		CB6496491E8561F600BF42ED /* Debug */ = {
			isa = XCBuildConfiguration;
			buildSettings = {
				ASSETCATALOG_COMPILER_APPICON_NAME = AppIcon;
				DEVELOPMENT_TEAM = 6P54HH43TD;
				INFOPLIST_FILE = YaGotFoodDude/Info.plist;
				LD_RUNPATH_SEARCH_PATHS = "$(inherited) @executable_path/Frameworks";
				PRODUCT_BUNDLE_IDENTIFIER = com.cd17822.YaGotFoodDude;
				PRODUCT_NAME = "$(TARGET_NAME)";
				SWIFT_VERSION = 3.0;
			};
			name = Debug;
		};
		CB64964A1E8561F600BF42ED /* Release */ = {
			isa = XCBuildConfiguration;
			buildSettings = {
				ASSETCATALOG_COMPILER_APPICON_NAME = AppIcon;
				DEVELOPMENT_TEAM = 6P54HH43TD;
				INFOPLIST_FILE = YaGotFoodDude/Info.plist;
				LD_RUNPATH_SEARCH_PATHS = "$(inherited) @executable_path/Frameworks";
				PRODUCT_BUNDLE_IDENTIFIER = com.cd17822.YaGotFoodDude;
				PRODUCT_NAME = "$(TARGET_NAME)";
				SWIFT_VERSION = 3.0;
			};
			name = Release;
		};
/* End XCBuildConfiguration section */

/* Begin XCConfigurationList section */
		CB64962F1E8561F600BF42ED /* Build configuration list for PBXProject "YaGotFoodDude" */ = {
			isa = XCConfigurationList;
			buildConfigurations = (
				CB6496461E8561F600BF42ED /* Debug */,
				CB6496471E8561F600BF42ED /* Release */,
			);
			defaultConfigurationIsVisible = 0;
			defaultConfigurationName = Release;
		};
		CB6496481E8561F600BF42ED /* Build configuration list for PBXNativeTarget "YaGotFoodDude" */ = {
			isa = XCConfigurationList;
			buildConfigurations = (
				CB6496491E8561F600BF42ED /* Debug */,
				CB64964A1E8561F600BF42ED /* Release */,
			);
			defaultConfigurationIsVisible = 0;
			defaultConfigurationName = Release;
		};
/* End XCConfigurationList section */

/* Begin XCVersionGroup section */
		CB6496551E85F41800BF42ED /* YaGotFoodDude.xcdatamodeld */ = {
			isa = XCVersionGroup;
			children = (
				CB6496561E85F41800BF42ED /* YaGotFoodDude.xcdatamodel */,
			);
			currentVersion = CB6496561E85F41800BF42ED /* YaGotFoodDude.xcdatamodel */;
			path = YaGotFoodDude.xcdatamodeld;
			sourceTree = "<group>";
			versionGroupType = wrapper.xcdatamodel;
		};
/* End XCVersionGroup section */
	};
	rootObject = CB64962C1E8561F600BF42ED /* Project object */;
}
